Microsoft Visual Studio Solution File, Format Version 12.00
# Visual Studio Version 17
VisualStudioVersion = 17.5.2.0
MinimumVisualStudioVersion = 10.0.40219.1
Project("{FAE04EC0-301F-11D3-BF4B-00C04F79EFBC}") = "SecondDiary.API", "SecondDiary.API\SecondDiary.API.csproj", "{E9D9DCA0-A7AF-BD44-B5EA-4929F8C958A4}"
EndProject
Global
	GlobalSection(SolutionConfigurationPlatforms) = preSolution
		Debug|Any CPU = Debug|Any CPU
		Release|Any CPU = Release|Any CPU
	EndGlobalSection
	GlobalSection(ProjectConfigurationPlatforms) = postSolution
		{E9D9DCA0-A7AF-BD44-B5EA-4929F8C958A4}.Debug|Any CPU.ActiveCfg = Debug|Any CPU
		{E9D9DCA0-A7AF-BD44-B5EA-4929F8C958A4}.Debug|Any CPU.Build.0 = Debug|Any CPU
		{E9D9DCA0-A7AF-BD44-B5EA-4929F8C958A4}.Release|Any CPU.ActiveCfg = Release|Any CPU
		{E9D9DCA0-A7AF-BD44-B5EA-4929F8C958A4}.Release|Any CPU.Build.0 = Release|Any CPU
	EndGlobalSection
	GlobalSection(SolutionProperties) = preSolution
		HideSolutionNode = FALSE
	EndGlobalSection
	GlobalSection(ExtensibilityGlobals) = postSolution
		SolutionGuid = {09D6C0BA-A138-4A09-9882-DAB82DCA67FB}
	EndGlobalSection
EndGlobal
